[[package]]
name = "tkthread"
version = "0.5.2"
description = "Easy multithreading with Tkinter"
category = "main"
optional = false
python-versions = "*"

[metadata]
lock-version = "1.1"
python-versions = "^3.10"
content-hash = "1a9781178add7f09c887ec85014dca80b45dbb6b9174b0896bd5f61f36cbe7c6"

[metadata.files]
tkthread = []
